#MicroXplorer Configuration settings - do not modify
CAD.formats=
CAD.pinconfig=
CAD.provider=
FREERTOS.IPParameters=Tasks01
FREERTOS.Tasks01=defaultTask,24,128,StartDefaultTask,Default,NULL,Dynamic,NULL,NULL
File.Version=6
GPIO.groupedBy=Group By Peripherals
KeepUserPlacement=false
Mcu.CPN=STM32F411RET6
Mcu.Family=STM32F4
Mcu.IP0=FREERTOS
Mcu.IP1=NVIC
Mcu.IP2=RCC
Mcu.IP3=SYS
Mcu.IP4=USART1
Mcu.IP5=USART2
Mcu.IPNb=6
Mcu.Name=STM32F411R(C-E)Tx
Mcu.Package=LQFP64
Mcu.Pin0=PC14-OSC32_IN
Mcu.Pin1=PC15-OSC32_OUT
Mcu.Pin10=VP_FREERTOS_VS_CMSIS_V2
Mcu.Pin11=VP_SYS_VS_tim10
Mcu.Pin12=VP_STMicroelectronics.X-CUBE-AI_VS_ArtificialOoIntelligenceJjXAaCUBEAaAI_10.2.0
Mcu.Pin13=VP_STMicroelectronics.X-CUBE-AI_VS_DeviceJjApplication_10.2.0
Mcu.Pin2=PH0 - OSC_IN
Mcu.Pin3=PH1 - OSC_OUT
Mcu.Pin4=PA2
Mcu.Pin5=PA3
Mcu.Pin6=PA9
Mcu.Pin7=PA10
Mcu.Pin8=PA13
Mcu.Pin9=PA14
Mcu.PinsNb=14
Mcu.ThirdParty0=STMicroelectronics.X-CUBE-AI.10.2.0
Mcu.ThirdPartyNb=1
Mcu.UserConstants=
Mcu.UserName=STM32F411RETx
MxCube.Version=6.17.0
MxDb.Version=DB.6.0.170
NVIC.BusFault_IRQn=true\:0\:0\:false\:false\:true\:false\:false\:false\:false
NVIC.DebugMonitor_IRQn=true\:0\:0\:false\:false\:true\:false\:false\:false\:false
NVIC.ForceEnableDMAVector=true
NVIC.HardFault_IRQn=true\:0\:0\:false\:false\:true\:false\:false\:false\:false
NVIC.MemoryManagement_IRQn=true\:0\:0\:false\:false\:true\:false\:false\:false\:false
NVIC.NonMaskableInt_IRQn=true\:0\:0\:false\:false\:true\:false\:false\:false\:false
NVIC.PendSV_IRQn=true\:15\:0\:false\:false\:false\:true\:false\:false\:false
NVIC.PriorityGroup=NVIC_PRIORITYGROUP_4
NVIC.SVCall_IRQn=true\:0\:0\:false\:false\:false\:false\:false\:false\:false
NVIC.SavedPendsvIrqHandlerGenerated=true
NVIC.SavedSvcallIrqHandlerGenerated=true
NVIC.SavedSystickIrqHandlerGenerated=true
NVIC.SysTick_IRQn=true\:15\:0\:false\:false\:false\:true\:false\:true\:false
NVIC.TIM1_UP_TIM10_IRQn=true\:15\:0\:false\:false\:true\:false\:false\:true\:true
NVIC.TimeBase=TIM1_UP_TIM10_IRQn
NVIC.TimeBaseIP=TIM10
NVIC.USART1_IRQn=true\:5\:0\:false\:false\:true\:true\:true\:true\:true
NVIC.USART2_IRQn=true\:5\:0\:false\:false\:true\:true\:true\:true\:true
NVIC.UsageFault_IRQn=true\:0\:0\:false\:false\:true\:false\:false\:false\:false
PA10.Mode=Asynchronous
PA10.Signal=USART1_RX
PA13.Mode=Serial_Wire
PA13.Signal=SYS_JTMS-SWDIO
PA14.Mode=Serial_Wire
PA14.Signal=SYS_JTCK-SWCLK
PA2.Mode=Asynchronous
PA2.Signal=USART2_TX
PA3.Mode=Asynchronous
PA3.Signal=USART2_RX
PA9.Mode=Asynchronous
PA9.Signal=USART1_TX
PC14-OSC32_IN.Mode=LSE-External-Oscillator
PC14-OSC32_IN.Signal=RCC_OSC32_IN
PC15-OSC32_OUT.Mode=LSE-External-Oscillator
PC15-OSC32_OUT.Signal=RCC_OSC32_OUT
PCC.Bar.Display=Horizontal Bar
PCC.Checker=false
PCC.Display=Plot\: All Steps
PCC.Line=STM32F411
PCC.MCU=STM32F411R(C-E)Tx
PCC.PartNumber=STM32F411RETx
PCC.SequenceTime=1.0 ms
PCC.SequenceTime.Unit=ms
PCC.Series=STM32F4
PCC.Temperature=25
PCC.Vdd=1.7
PH0\ -\ OSC_IN.Mode=HSE-External-Oscillator
PH0\ -\ OSC_IN.Signal=RCC_OSC_IN
PH1\ -\ OSC_OUT.Mode=HSE-External-Oscillator
PH1\ -\ OSC_OUT.Signal=RCC_OSC_OUT
PinOutPanel.RotationAngle=0
ProjectManager.ProjectStructure=
RCC.48MHZClocksFreq_Value=50000000
RCC.AHBFreq_Value=100000000
RCC.APB1CLKDivider=RCC_HCLK_DIV2
RCC.APB1Freq_Value=50000000
RCC.APB1TimFreq_Value=100000000
RCC.APB2Freq_Value=100000000
RCC.APB2TimFreq_Value=100000000
RCC.CortexFreq_Value=100000000
RCC.EthernetFreq_Value=100000000
RCC.FCLKCortexFreq_Value=100000000
RCC.FamilyName=M
RCC.HCLKFreq_Value=100000000
RCC.HSE_VALUE=25000000
RCC.HSI_VALUE=16000000
RCC.I2SClocksFreq_Value=96000000
RCC.IPParameters=48MHZClocksFreq_Value,AHBFreq_Value,APB1CLKDivider,APB1Freq_Value,APB1TimFreq_Value,APB2Freq_Value,APB2TimFreq_Value,CortexFreq_Value,EthernetFreq_Value,FCLKCortexFreq_Value,FamilyName,HCLKFreq_Value,HSE_VALUE,HSI_VALUE,I2SClocksFreq_Value,LSI_VALUE,MCO2PinFreq_Value,PLLCLKFreq_Value,PLLM,PLLN,PLLQCLKFreq_Value,RTCFreq_Value,RTCHSEDivFreq_Value,SYSCLKFreq_VALUE,SYSCLKSource,VCOI2SOutputFreq_Value,VCOInputFreq_Value,VCOInputMFreq_Value,VCOOutputFreq_Value,VcooutputI2S
RCC.LSI_VALUE=32000
RCC.MCO2PinFreq_Value=100000000
RCC.PLLCLKFreq_Value=100000000
RCC.PLLM=8
RCC.PLLN=100
RCC.PLLQCLKFreq_Value=50000000
RCC.RTCFreq_Value=32000
RCC.RTCHSEDivFreq_Value=12500000
RCC.SYSCLKFreq_VALUE=100000000
RCC.SYSCLKSource=RCC_SYSCLKSOURCE_PLLCLK
RCC.VCOI2SOutputFreq_Value=192000000
RCC.VCOInputFreq_Value=2000000
RCC.VCOInputMFreq_Value=1000000
RCC.VCOOutputFreq_Value=200000000
RCC.VcooutputI2S=96000000
STMicroelectronics.X-CUBE-AI.10.2.0.ActivationBufferSizeList=2956
STMicroelectronics.X-CUBE-AI.10.2.0.ActivationBuffers=pool0
STMicroelectronics.X-CUBE-AI.10.2.0.ActivationNames=pool0
STMicroelectronics.X-CUBE-AI.10.2.0.ActivationSizes=AI_NETWORK_DATA_ACTIVATION_1_SIZE
STMicroelectronics.X-CUBE-AI.10.2.0.ApplicationCcDeviceJjApplication=ApplicationTemplate
STMicroelectronics.X-CUBE-AI.10.2.0.ArtificialOoIntelligenceJjXAaCUBEAaAI_Checked=true
STMicroelectronics.X-CUBE-AI.10.2.0.DeviceJjApplication_Checked=true
STMicroelectronics.X-CUBE-AI.10.2.0.HeapSize=0x800
STMicroelectronics.X-CUBE-AI.10.2.0.IPParameters=HeapSize,StackSize,ReadyForCodeGeneration,ModelName-023b07482c98a60cba60caa2bbde8fbb1c4e917b1f766031a87dd4a8dbd68394,ModelKind-023b07482c98a60cba60caa2bbde8fbb1c4e917b1f766031a87dd4a8dbd68394,ModelCompression-023b07482c98a60cba60caa2bbde8fbb1c4e917b1f766031a87dd4a8dbd68394,ModelHashList,ModelNameList,WorkingBufferStartAddrList,LatestDirectoryUsed-023b07482c98a60cba60caa2bbde8fbb1c4e917b1f766031a87dd4a8dbd68394,ModelMacc-023b07482c98a60cba60caa2bbde8fbb1c4e917b1f766031a87dd4a8dbd68394,ModelActualCompression-023b07482c98a60cba60caa2bbde8fbb1c4e917b1f766031a87dd4a8dbd68394,ModelRamOccupation-023b07482c98a60cba60caa2bbde8fbb1c4e917b1f766031a87dd4a8dbd68394,ModelFlashOccupation-023b07482c98a60cba60caa2bbde8fbb1c4e917b1f766031a87dd4a8dbd68394,ModelType-023b07482c98a60cba60caa2bbde8fbb1c4e917b1f766031a87dd4a8dbd68394,copyWeightToRam,useInputAllocation,useOutputAllocation,customLayerConfigEnabled,noOnnxIoTranspose,ActivationBuffers,ActivationSizes,ActivationNames,InternalRamActivationBufferMaxSize,ActivationBufferSizeList,MaximumNumberOfInputLayer,MaximumNumberOfOutputLayer,MaximumSizeOfInputLayer,MaximumSizeOfOutputLayer,copyWeightToRam-023b07482c98a60cba60caa2bbde8fbb1c4e917b1f766031a87dd4a8dbd68394,useInputAllocation-023b07482c98a60cba60caa2bbde8fbb1c4e917b1f766031a87dd4a8dbd68394,useOutputAllocation-023b07482c98a60cba60caa2bbde8fbb1c4e917b1f766031a87dd4a8dbd68394,customLayerConfigEnabled-023b07482c98a60cba60caa2bbde8fbb1c4e917b1f766031a87dd4a8dbd68394,noOnnxIoTranspose-023b07482c98a60cba60caa2bbde8fbb1c4e917b1f766031a87dd4a8dbd68394,ModelStructureFile-023b07482c98a60cba60caa2bbde8fbb1c4e917b1f766031a87dd4a8dbd68394,XAaCUBEAaAICcArtificialOoIntelligenceJjCore,ApplicationCcDeviceJjApplication
STMicroelectronics.X-CUBE-AI.10.2.0.InternalRamActivationBufferMaxSize=AI_NETWORK_DATA_ACTIVATIONS_SIZE
STMicroelectronics.X-CUBE-AI.10.2.0.LatestDirectoryUsed-023b07482c98a60cba60caa2bbde8fbb1c4e917b1f766031a87dd4a8dbd68394=E\:\\ST\\QMSX\\altimeter_tuner\\models\\compare_v2
STMicroelectronics.X-CUBE-AI.10.2.0.MaximumNumberOfInputLayer=1
STMicroelectronics.X-CUBE-AI.10.2.0.MaximumNumberOfOutputLayer=1
STMicroelectronics.X-CUBE-AI.10.2.0.MaximumSizeOfInputLayer=1
STMicroelectronics.X-CUBE-AI.10.2.0.MaximumSizeOfOutputLayer=1,1,1
STMicroelectronics.X-CUBE-AI.10.2.0.ModelActualCompression-023b07482c98a60cba60caa2bbde8fbb1c4e917b1f766031a87dd4a8dbd68394=0.0
STMicroelectronics.X-CUBE-AI.10.2.0.ModelCompression-023b07482c98a60cba60caa2bbde8fbb1c4e917b1f766031a87dd4a8dbd68394=None
STMicroelectronics.X-CUBE-AI.10.2.0.ModelFlashOccupation-023b07482c98a60cba60caa2bbde8fbb1c4e917b1f766031a87dd4a8dbd68394=16552
STMicroelectronics.X-CUBE-AI.10.2.0.ModelHashList=023b07482c98a60cba60caa2bbde8fbb1c4e917b1f766031a87dd4a8dbd68394
STMicroelectronics.X-CUBE-AI.10.2.0.ModelKind-023b07482c98a60cba60caa2bbde8fbb1c4e917b1f766031a87dd4a8dbd68394=TFLITE
STMicroelectronics.X-CUBE-AI.10.2.0.ModelMacc-023b07482c98a60cba60caa2bbde8fbb1c4e917b1f766031a87dd4a8dbd68394=1346
STMicroelectronics.X-CUBE-AI.10.2.0.ModelName-023b07482c98a60cba60caa2bbde8fbb1c4e917b1f766031a87dd4a8dbd68394=network
STMicroelectronics.X-CUBE-AI.10.2.0.ModelNameList=network
STMicroelectronics.X-CUBE-AI.10.2.0.ModelRamOccupation-023b07482c98a60cba60caa2bbde8fbb1c4e917b1f766031a87dd4a8dbd68394=2956
STMicroelectronics.X-CUBE-AI.10.2.0.ModelStructureFile-023b07482c98a60cba60caa2bbde8fbb1c4e917b1f766031a87dd4a8dbd68394=altimeter_tuner/models/compare_v2/2_baseline_eqw.tflite
STMicroelectronics.X-CUBE-AI.10.2.0.ModelType-023b07482c98a60cba60caa2bbde8fbb1c4e917b1f766031a87dd4a8dbd68394=STM32Cube.AI MCU runtime
STMicroelectronics.X-CUBE-AI.10.2.0.ReadyForCodeGeneration=true
STMicroelectronics.X-CUBE-AI.10.2.0.StackSize=0x800
STMicroelectronics.X-CUBE-AI.10.2.0.WorkingBufferStartAddrList=0xFFFFFFFF
STMicroelectronics.X-CUBE-AI.10.2.0.XAaCUBEAaAICcArtificialOoIntelligenceJjCore=true
STMicroelectronics.X-CUBE-AI.10.2.0.copyWeightToRam=false
STMicroelectronics.X-CUBE-AI.10.2.0.copyWeightToRam-023b07482c98a60cba60caa2bbde8fbb1c4e917b1f766031a87dd4a8dbd68394=false
STMicroelectronics.X-CUBE-AI.10.2.0.customLayerConfigEnabled=false
STMicroelectronics.X-CUBE-AI.10.2.0.customLayerConfigEnabled-023b07482c98a60cba60caa2bbde8fbb1c4e917b1f766031a87dd4a8dbd68394=false
STMicroelectronics.X-CUBE-AI.10.2.0.noOnnxIoTranspose=false
STMicroelectronics.X-CUBE-AI.10.2.0.noOnnxIoTranspose-023b07482c98a60cba60caa2bbde8fbb1c4e917b1f766031a87dd4a8dbd68394=false
STMicroelectronics.X-CUBE-AI.10.2.0.useInputAllocation=true
STMicroelectronics.X-CUBE-AI.10.2.0.useInputAllocation-023b07482c98a60cba60caa2bbde8fbb1c4e917b1f766031a87dd4a8dbd68394=true
STMicroelectronics.X-CUBE-AI.10.2.0.useOutputAllocation=true
STMicroelectronics.X-CUBE-AI.10.2.0.useOutputAllocation-023b07482c98a60cba60caa2bbde8fbb1c4e917b1f766031a87dd4a8dbd68394=true
STMicroelectronics.X-CUBE-AI.10.2.0_SwParameter=ApplicationCcDeviceJjApplication\:ApplicationTemplate;XAaCUBEAaAICcArtificialOoIntelligenceJjCore\:true;
USART1.IPParameters=VirtualMode
USART1.VirtualMode=VM_ASYNC
USART2.IPParameters=VirtualMode
USART2.VirtualMode=VM_ASYNC
VP_FREERTOS_VS_CMSIS_V2.Mode=CMSIS_V2
VP_FREERTOS_VS_CMSIS_V2.Signal=FREERTOS_VS_CMSIS_V2
VP_STMicroelectronics.X-CUBE-AI_VS_ArtificialOoIntelligenceJjXAaCUBEAaAI_10.2.0.Mode=ArtificialOoIntelligenceJjXAaCUBEAaAI
VP_STMicroelectronics.X-CUBE-AI_VS_ArtificialOoIntelligenceJjXAaCUBEAaAI_10.2.0.Signal=STMicroelectronics.X-CUBE-AI_VS_ArtificialOoIntelligenceJjXAaCUBEAaAI_10.2.0
VP_STMicroelectronics.X-CUBE-AI_VS_DeviceJjApplication_10.2.0.Mode=DeviceJjApplication
VP_STMicroelectronics.X-CUBE-AI_VS_DeviceJjApplication_10.2.0.Signal=STMicroelectronics.X-CUBE-AI_VS_DeviceJjApplication_10.2.0
VP_SYS_VS_tim10.Mode=TIM10
VP_SYS_VS_tim10.Signal=SYS_VS_tim10
board=custom
rtos.0.ip=FREERTOS
